// !$*UTF8*$!
{
	archiveVersion = 1;
	classes = {
	};
	objectVersion = 55;
	objects = {

/* Begin PBXBuildFile section */
		35207E59284E51DE00FE24F3 /* Alamofire in Frameworks */ = {isa = PBXBuildFile; productRef = 35207E58284E51DE00FE24F3 /* Alamofire */; };
		35207E5C284E520E00FE24F3 /* SDWebImage in Frameworks */ = {isa = PBXBuildFile; productRef = 35207E5B284E520E00FE24F3 /* SDWebImage */; };
		35207E5F284E525D00FE24F3 /* IHProgressHUD in Frameworks */ = {isa = PBXBuildFile; productRef = 35207E5E284E525D00FE24F3 /* IHProgressHUD */; };
		35207E62284E53DC00FE24F3 /* Reachability in Frameworks */ = {isa = PBXBuildFile; productRef = 35207E61284E53DC00FE24F3 /* Reachability */; };
		35207E69284E5BB900FE24F3 /* Configuration.swift in Sources */ = {isa = PBXBuildFile; fileRef = 35207E68284E5BB900FE24F3 /* Configuration.swift */; };
		35207E6B284E6A8700FE24F3 /* PhotosModel.swift in Sources */ = {isa = PBXBuildFile; fileRef = 35207E6A284E6A8700FE24F3 /* PhotosModel.swift */; };
		35207E6D284E6F2000FE24F3 /* PhotosViewModel.swift in Sources */ = {isa = PBXBuildFile; fileRef = 35207E6C284E6F2000FE24F3 /* PhotosViewModel.swift */; };
		35207E6F284E702100FE24F3 /* GalleryViewModel.swift in Sources */ = {isa = PBXBuildFile; fileRef = 35207E6E284E702100FE24F3 /* GalleryViewModel.swift */; };
		3585EE28284E711600A81E49 /* NetworkManager.swift in Sources */ = {isa = PBXBuildFile; fileRef = 35207E4D284E514100FE24F3 /* NetworkManager.swift */; };
		3585EE29284E711900A81E49 /* RequestManger.swift in Sources */ = {isa = PBXBuildFile; fileRef = 35207E4E284E514100FE24F3 /* RequestManger.swift */; };
		3585EE2A284E711B00A81E49 /* LogHelper.swift in Sources */ = {isa = PBXBuildFile; fileRef = 35207E54284E514100FE24F3 /* LogHelper.swift */; };
		3585EE2D284E7F8D00A81E49 /* NotificationBannerSwift in Frameworks */ = {isa = PBXBuildFile; productRef = 3585EE2C284E7F8D00A81E49 /* NotificationBannerSwift */; };
		3585EE2F284E81FC00A81E49 /* GalleryCollectionViewCell.swift in Sources */ = {isa = PBXBuildFile; fileRef = 3585EE2E284E81FC00A81E49 /* GalleryCollectionViewCell.swift */; };
		35F58CBF284E374300B6A593 /* AppDelegate.swift in Sources */ = {isa = PBXBuildFile; fileRef = 35F58CBE284E374300B6A593 /* AppDelegate.swift */; };
		35F58CC3284E374300B6A593 /* GalleryVC.swift in Sources */ = {isa = PBXBuildFile; fileRef = 35F58CC2284E374300B6A593 /* GalleryVC.swift */; };
		35F58CC6284E374300B6A593 /* Gallery.storyboard in Resources */ = {isa = PBXBuildFile; fileRef = 35F58CC4284E374300B6A593 /* Gallery.storyboard */; };
		35F58CC8284E374700B6A593 /* Assets.xcassets in Resources */ = {isa = PBXBuildFile; fileRef = 35F58CC7284E374700B6A593 /* Assets.xcassets */; };
		35F58CCB284E374700B6A593 /* LaunchScreen.storyboard in Resources */ = {isa = PBXBuildFile; fileRef = 35F58CC9284E374700B6A593 /* LaunchScreen.storyboard */; };
		35F58CD6284E374800B6A593 /* Photo_GalleryTests.swift in Sources */ = {isa = PBXBuildFile; fileRef = 35F58CD5284E374800B6A593 /* Photo_GalleryTests.swift */; };
/* End PBXBuildFile section */

/* Begin PBXContainerItemProxy section */
		35F58CD2284E374800B6A593 /* PBXContainerItemProxy */ = {
			isa = PBXContainerItemProxy;
			containerPortal = 35F58CB3284E374200B6A593 /* Project object */;
			proxyType = 1;
			remoteGlobalIDString = 35F58CBA284E374200B6A593;
			remoteInfo = "Photo Gallery";
		};
/* End PBXContainerItemProxy section */

/* Begin PBXFileReference section */
		35207E4D284E514100FE24F3 /* NetworkManager.swift */ = {isa = PBXFileReference; lastKnownFileType = sourcecode.swift; path = NetworkManager.swift; sourceTree = "<group>"; };
		35207E4E284E514100FE24F3 /* RequestManger.swift */ = {isa = PBXFileReference; lastKnownFileType = sourcecode.swift; path = RequestManger.swift; sourceTree = "<group>"; };
		35207E54284E514100FE24F3 /* LogHelper.swift */ = {isa = PBXFileReference; lastKnownFileType = sourcecode.swift; path = LogHelper.swift; sourceTree = "<group>"; };
		35207E68284E5BB900FE24F3 /* Configuration.swift */ = {isa = PBXFileReference; lastKnownFileType = sourcecode.swift; path = Configuration.swift; sourceTree = "<group>"; };
		35207E6A284E6A8700FE24F3 /* PhotosModel.swift */ = {isa = PBXFileReference; lastKnownFileType = sourcecode.swift; path = PhotosModel.swift; sourceTree = "<group>"; };
		35207E6C284E6F2000FE24F3 /* PhotosViewModel.swift */ = {isa = PBXFileReference; lastKnownFileType = sourcecode.swift; path = PhotosViewModel.swift; sourceTree = "<group>"; };
		35207E6E284E702100FE24F3 /* GalleryViewModel.swift */ = {isa = PBXFileReference; lastKnownFileType = sourcecode.swift; path = GalleryViewModel.swift; sourceTree = "<group>"; };
		3585EE2E284E81FC00A81E49 /* GalleryCollectionViewCell.swift */ = {isa = PBXFileReference; lastKnownFileType = sourcecode.swift; path = GalleryCollectionViewCell.swift; sourceTree = "<group>"; };
		35F58CBB284E374200B6A593 /* Photo Gallery.app */ = {isa = PBXFileReference; explicitFileType = wrapper.application; includeInIndex = 0; name = "Photo Gallery.app"; path = "Photo Gallery Staging.app"; sourceTree = BUILT_PRODUCTS_DIR; };
		35F58CBE284E374300B6A593 /* AppDelegate.swift */ = {isa = PBXFileReference; lastKnownFileType = sourcecode.swift; path = AppDelegate.swift; sourceTree = "<group>"; };
		35F58CC2284E374300B6A593 /* GalleryVC.swift */ = {isa = PBXFileReference; lastKnownFileType = sourcecode.swift; path = GalleryVC.swift; sourceTree = "<group>"; };
		35F58CC5284E374300B6A593 /* Base */ = {isa = PBXFileReference; lastKnownFileType = file.storyboard; name = Base; path = Base.lproj/Gallery.storyboard; sourceTree = "<group>"; };
		35F58CC7284E374700B6A593 /* Assets.xcassets */ = {isa = PBXFileReference; lastKnownFileType = folder.assetcatalog; path = Assets.xcassets; sourceTree = "<group>"; };
		35F58CCA284E374700B6A593 /* Base */ = {isa = PBXFileReference; lastKnownFileType = file.storyboard; name = Base; path = Base.lproj/LaunchScreen.storyboard; sourceTree = "<group>"; };
		35F58CCC284E374700B6A593 /* Info.plist */ = {isa = PBXFileReference; lastKnownFileType = text.plist.xml; path = Info.plist; sourceTree = "<group>"; };
		35F58CD1284E374800B6A593 /* Photo GalleryTests.xctest */ = {isa = PBXFileReference; explicitFileType = wrapper.cfbundle; includeInIndex = 0; path = "Photo GalleryTests.xctest"; sourceTree = BUILT_PRODUCTS_DIR; };
		35F58CD5284E374800B6A593 /* Photo_GalleryTests.swift */ = {isa = PBXFileReference; lastKnownFileType = sourcecode.swift; path = Photo_GalleryTests.swift; sourceTree = "<group>"; };
/* End PBXFileReference section */

/* Begin PBXFrameworksBuildPhase section */
		35F58CB8284E374200B6A593 /* Frameworks */ = {
			isa = PBXFrameworksBuildPhase;
			buildActionMask = 2147483647;
			files = (
				35207E5C284E520E00FE24F3 /* SDWebImage in Frameworks */,
				35207E62284E53DC00FE24F3 /* Reachability in Frameworks */,
				35207E5F284E525D00FE24F3 /* IHProgressHUD in Frameworks */,
				3585EE2D284E7F8D00A81E49 /* NotificationBannerSwift in Frameworks */,
				35207E59284E51DE00FE24F3 /* Alamofire in Frameworks */,
			);
			runOnlyForDeploymentPostprocessing = 0;
		};
		35F58CCE284E374800B6A593 /* Frameworks */ = {
			isa = PBXFrameworksBuildPhase;
			buildActionMask = 2147483647;
			files = (
			);
			runOnlyForDeploymentPostprocessing = 0;
		};
/* End PBXFrameworksBuildPhase section */

/* Begin PBXGroup section */
		35207E4A284E514100FE24F3 /* Helpers */ = {
			isa = PBXGroup;
			children = (
				35207E4B284E514100FE24F3 /* Managers */,
				35207E4F284E514100FE24F3 /* Extensions */,
				35207E54284E514100FE24F3 /* LogHelper.swift */,
				35207E55284E514100FE24F3 /* Protocols */,
				35207E68284E5BB900FE24F3 /* Configuration.swift */,
			);
			path = Helpers;
			sourceTree = "<group>";
		};
		35207E4B284E514100FE24F3 /* Managers */ = {
			isa = PBXGroup;
			children = (
				35207E4D284E514100FE24F3 /* NetworkManager.swift */,
				35207E4E284E514100FE24F3 /* RequestManger.swift */,
			);
			path = Managers;
			sourceTree = "<group>";
		};
		35207E4F284E514100FE24F3 /* Extensions */ = {
			isa = PBXGroup;
			children = (
			);
			path = Extensions;
			sourceTree = "<group>";
		};
		35207E55284E514100FE24F3 /* Protocols */ = {
			isa = PBXGroup;
			children = (
			);
			path = Protocols;
			sourceTree = "<group>";
		};
		35F58CB2284E374200B6A593 = {
			isa = PBXGroup;
			children = (
				35F58CBD284E374200B6A593 /* Photo Gallery */,
				35F58CD4284E374800B6A593 /* Photo GalleryTests */,
				35F58CBC284E374200B6A593 /* Products */,
			);
			sourceTree = "<group>";
		};
		35F58CBC284E374200B6A593 /* Products */ = {
			isa = PBXGroup;
			children = (
				35F58CBB284E374200B6A593 /* Photo Gallery.app */,
				35F58CD1284E374800B6A593 /* Photo GalleryTests.xctest */,
			);
			name = Products;
			sourceTree = "<group>";
		};
		35F58CBD284E374200B6A593 /* Photo Gallery */ = {
			isa = PBXGroup;
			children = (
				35F58CEE284E383A00B6A593 /* Models */,
				35F58CEF284E384200B6A593 /* Views */,
				35F58CF0284E385000B6A593 /* ViewModels */,
				35207E4A284E514100FE24F3 /* Helpers */,
				35F58CBE284E374300B6A593 /* AppDelegate.swift */,
				35F58CC7284E374700B6A593 /* Assets.xcassets */,
				35F58CC9284E374700B6A593 /* LaunchScreen.storyboard */,
				35F58CCC284E374700B6A593 /* Info.plist */,
			);
			path = "Photo Gallery";
			sourceTree = "<group>";
		};
		35F58CD4284E374800B6A593 /* Photo GalleryTests */ = {
			isa = PBXGroup;
			children = (
				35F58CD5284E374800B6A593 /* Photo_GalleryTests.swift */,
			);
			path = "Photo GalleryTests";
			sourceTree = "<group>";
		};
		35F58CEE284E383A00B6A593 /* Models */ = {
			isa = PBXGroup;
			children = (
				35207E6A284E6A8700FE24F3 /* PhotosModel.swift */,
			);
			path = Models;
			sourceTree = "<group>";
		};
		35F58CEF284E384200B6A593 /* Views */ = {
			isa = PBXGroup;
			children = (
				35F58CC2284E374300B6A593 /* GalleryVC.swift */,
				3585EE2E284E81FC00A81E49 /* GalleryCollectionViewCell.swift */,
				35F58CC4284E374300B6A593 /* Gallery.storyboard */,
			);
			path = Views;
			sourceTree = "<group>";
		};
		35F58CF0284E385000B6A593 /* ViewModels */ = {
			isa = PBXGroup;
			children = (
				35207E6C284E6F2000FE24F3 /* PhotosViewModel.swift */,
				35207E6E284E702100FE24F3 /* GalleryViewModel.swift */,
			);
			path = ViewModels;
			sourceTree = "<group>";
		};
/* End PBXGroup section */

/* Begin PBXNativeTarget section */
		35F58CBA284E374200B6A593 /* Photo Gallery */ = {
			isa = PBXNativeTarget;
			buildConfigurationList = 35F58CE5284E374800B6A593 /* Build configuration list for PBXNativeTarget "Photo Gallery" */;
			buildPhases = (
				35F58CB7284E374200B6A593 /* Sources */,
				35F58CB8284E374200B6A593 /* Frameworks */,
				35F58CB9284E374200B6A593 /* Resources */,
			);
			buildRules = (
			);
			dependencies = (
			);
			name = "Photo Gallery";
			packageProductDependencies = (
				35207E58284E51DE00FE24F3 /* Alamofire */,
				35207E5B284E520E00FE24F3 /* SDWebImage */,
				35207E5E284E525D00FE24F3 /* IHProgressHUD */,
				35207E61284E53DC00FE24F3 /* Reachability */,
				3585EE2C284E7F8D00A81E49 /* NotificationBannerSwift */,
			);
			productName = "Photo Gallery";
			productReference = 35F58CBB284E374200B6A593 /* Photo Gallery.app */;
			productType = "com.apple.product-type.application";
		};
		35F58CD0284E374800B6A593 /* Photo GalleryTests */ = {
			isa = PBXNativeTarget;
			buildConfigurationList = 35F58CE8284E374800B6A593 /* Build configuration list for PBXNativeTarget "Photo GalleryTests" */;
			buildPhases = (
				35F58CCD284E374800B6A593 /* Sources */,
				35F58CCE284E374800B6A593 /* Frameworks */,
				35F58CCF284E374800B6A593 /* Resources */,
			);
			buildRules = (
			);
			dependencies = (
				35F58CD3284E374800B6A593 /* PBXTargetDependency */,
			);
			name = "Photo GalleryTests";
			productName = "Photo GalleryTests";
			productReference = 35F58CD1284E374800B6A593 /* Photo GalleryTests.xctest */;
			productType = "com.apple.product-type.bundle.unit-test";
		};
/* End PBXNativeTarget section */

/* Begin PBXProject section */
		35F58CB3284E374200B6A593 /* Project object */ = {
			isa = PBXProject;
			attributes = {
				BuildIndependentTargetsInParallel = 1;
				LastSwiftUpdateCheck = 1340;
				LastUpgradeCheck = 1340;
				TargetAttributes = {
					35F58CBA284E374200B6A593 = {
						CreatedOnToolsVersion = 13.4.1;
					};
					35F58CD0284E374800B6A593 = {
						CreatedOnToolsVersion = 13.4.1;
						TestTargetID = 35F58CBA284E374200B6A593;
					};
				};
			};
			buildConfigurationList = 35F58CB6284E374200B6A593 /* Build configuration list for PBXProject "Photo Gallery" */;
			compatibilityVersion = "Xcode 13.0";
			developmentRegion = en;
			hasScannedForEncodings = 0;
			knownRegions = (
				en,
				Base,
			);
			mainGroup = 35F58CB2284E374200B6A593;
			packageReferences = (
				35207E57284E51DE00FE24F3 /* XCRemoteSwiftPackageReference "Alamofire" */,
				35207E5A284E520E00FE24F3 /* XCRemoteSwiftPackageReference "SDWebImage" */,
				35207E5D284E525D00FE24F3 /* XCRemoteSwiftPackageReference "IHProgressHUD" */,
				35207E60284E53DC00FE24F3 /* XCRemoteSwiftPackageReference "Reachability" */,
				3585EE2B284E7F8D00A81E49 /* XCRemoteSwiftPackageReference "NotificationBanner" */,
			);
			productRefGroup = 35F58CBC284E374200B6A593 /* Products */;
			projectDirPath = "";
			projectRoot = "";
			targets = (
				35F58CBA284E374200B6A593 /* Photo Gallery */,
				35F58CD0284E374800B6A593 /* Photo GalleryTests */,
			);
		};
/* End PBXProject section */

/* Begin PBXResourcesBuildPhase section */
		35F58CB9284E374200B6A593 /* Resources */ = {
			isa = PBXResourcesBuildPhase;
			buildActionMask = 2147483647;
			files = (
				35F58CCB284E374700B6A593 /* LaunchScreen.storyboard in Resources */,
				35F58CC8284E374700B6A593 /* Assets.xcassets in Resources */,
				35F58CC6284E374300B6A593 /* Gallery.storyboard in Resources */,
			);
			runOnlyForDeploymentPostprocessing = 0;
		};
		35F58CCF284E374800B6A593 /* Resources */ = {
			isa = PBXResourcesBuildPhase;
			buildActionMask = 2147483647;
			files = (
			);
			runOnlyForDeploymentPostprocessing = 0;
		};
/* End PBXResourcesBuildPhase section */

/* Begin PBXSourcesBuildPhase section */
		35F58CB7284E374200B6A593 /* Sources */ = {
			isa = PBXSourcesBuildPhase;
			buildActionMask = 2147483647;
			files = (
				35207E69284E5BB900FE24F3 /* Configuration.swift in Sources */,
				3585EE2F284E81FC00A81E49 /* GalleryCollectionViewCell.swift in Sources */,
				3585EE2A284E711B00A81E49 /* LogHelper.swift in Sources */,
				3585EE29284E711900A81E49 /* RequestManger.swift in Sources */,
				35207E6F284E702100FE24F3 /* GalleryViewModel.swift in Sources */,
				35F58CC3284E374300B6A593 /* GalleryVC.swift in Sources */,
				3585EE28284E711600A81E49 /* NetworkManager.swift in Sources */,
				35207E6D284E6F2000FE24F3 /* PhotosViewModel.swift in Sources */,
				35F58CBF284E374300B6A593 /* AppDelegate.swift in Sources */,
				35207E6B284E6A8700FE24F3 /* PhotosModel.swift in Sources */,
			);
			runOnlyForDeploymentPostprocessing = 0;
		};
		35F58CCD284E374800B6A593 /* Sources */ = {
			isa = PBXSourcesBuildPhase;
			buildActionMask = 2147483647;
			files = (
				35F58CD6284E374800B6A593 /* Photo_GalleryTests.swift in Sources */,
			);
			runOnlyForDeploymentPostprocessing = 0;
		};
/* End PBXSourcesBuildPhase section */

/* Begin PBXTargetDependency section */
		35F58CD3284E374800B6A593 /* PBXTargetDependency */ = {
			isa = PBXTargetDependency;
			target = 35F58CBA284E374200B6A593 /* Photo Gallery */;
			targetProxy = 35F58CD2284E374800B6A593 /* PBXContainerItemProxy */;
		};
/* End PBXTargetDependency section */

/* Begin PBXVariantGroup section */
		35F58CC4284E374300B6A593 /* Gallery.storyboard */ = {
			isa = PBXVariantGroup;
			children = (
				35F58CC5284E374300B6A593 /* Base */,
			);
			name = Gallery.storyboard;
			sourceTree = "<group>";
		};
		35F58CC9284E374700B6A593 /* LaunchScreen.storyboard */ = {
			isa = PBXVariantGroup;
			children = (
				35F58CCA284E374700B6A593 /* Base */,
			);
			name = LaunchScreen.storyboard;
			sourceTree = "<group>";
		};
/* End PBXVariantGroup section */

/* Begin XCBuildConfiguration section */
		35F58CE3284E374800B6A593 /* Debug (Staging) */ = {
			isa = XCBuildConfiguration;
			buildSettings = {
				ALWAYS_SEARCH_USER_PATHS = NO;
				CLANG_ANALYZER_NONNULL = YES;
				CLANG_ANALYZER_NUMBER_OBJECT_CONVERSION = YES_AGGRESSIVE;
				CLANG_CXX_LANGUAGE_STANDARD = "gnu++17";
				CLANG_ENABLE_MODULES = YES;
				CLANG_ENABLE_OBJC_ARC = YES;
				CLANG_ENABLE_OBJC_WEAK = YES;
				CLANG_WARN_BLOCK_CAPTURE_AUTORELEASING = YES;
				CLANG_WARN_BOOL_CONVERSION = YES;
				CLANG_WARN_COMMA = YES;
				CLANG_WARN_CONSTANT_CONVERSION = YES;
				CLANG_WARN_DEPRECATED_OBJC_IMPLEMENTATIONS = YES;
				CLANG_WARN_DIRECT_OBJC_ISA_USAGE = YES_ERROR;
				CLANG_WARN_DOCUMENTATION_COMMENTS = YES;
				CLANG_WARN_EMPTY_BODY = YES;
				CLANG_WARN_ENUM_CONVERSION = YES;
				CLANG_WARN_INFINITE_RECURSION = YES;
				CLANG_WARN_INT_CONVERSION = YES;
				CLANG_WARN_NON_LITERAL_NULL_CONVERSION = YES;
				CLANG_WARN_OBJC_IMPLICIT_RETAIN_SELF = YES;
				CLANG_WARN_OBJC_LITERAL_CONVERSION = YES;
				CLANG_WARN_OBJC_ROOT_CLASS = YES_ERROR;
				CLANG_WARN_QUOTED_INCLUDE_IN_FRAMEWORK_HEADER = YES;
				CLANG_WARN_RANGE_LOOP_ANALYSIS = YES;
				CLANG_WARN_STRICT_PROTOTYPES = YES;
				CLANG_WARN_SUSPICIOUS_MOVE = YES;
				CLANG_WARN_UNGUARDED_AVAILABILITY = YES_AGGRESSIVE;
				CLANG_WARN_UNREACHABLE_CODE = YES;
				CLANG_WARN__DUPLICATE_METHOD_MATCH = YES;
				COPY_PHASE_STRIP = NO;
				DEBUG_INFORMATION_FORMAT = dwarf;
				ENABLE_STRICT_OBJC_MSGSEND = YES;
				ENABLE_TESTABILITY = YES;
				GCC_C_LANGUAGE_STANDARD = gnu11;
				GCC_DYNAMIC_NO_PIC = NO;
				GCC_NO_COMMON_BLOCKS = YES;
				GCC_OPTIMIZATION_LEVEL = 0;
				GCC_PREPROCESSOR_DEFINITIONS = (
					"DEBUG=1",
					"$(inherited)",
				);
				GCC_WARN_64_TO_32_BIT_CONVERSION = YES;
				GCC_WARN_ABOUT_RETURN_TYPE = YES_ERROR;
				GCC_WARN_UNDECLARED_SELECTOR = YES;
				GCC_WARN_UNINITIALIZED_AUTOS = YES_AGGRESSIVE;
				GCC_WARN_UNUSED_FUNCTION = YES;
				GCC_WARN_UNUSED_VARIABLE = YES;
				IPHONEOS_DEPLOYMENT_TARGET = 15.5;
				MTL_ENABLE_DEBUG_INFO = INCLUDE_SOURCE;
				MTL_FAST_MATH = YES;
				ONLY_ACTIVE_ARCH = YES;
				SDKROOT = iphoneos;
				SWIFT_ACTIVE_COMPILATION_CONDITIONS = DEBUG;
				SWIFT_OPTIMIZATION_LEVEL = "-Onone";
			};
			name = "Debug (Staging)";
		};
		35F58CE4284E374800B6A593 /* Release */ = {
			isa = XCBuildConfiguration;
			buildSettings = {
				ALWAYS_SEARCH_USER_PATHS = NO;
				CLANG_ANALYZER_NONNULL = YES;
				CLANG_ANALYZER_NUMBER_OBJECT_CONVERSION = YES_AGGRESSIVE;
				CLANG_CXX_LANGUAGE_STANDARD = "gnu++17";
				CLANG_ENABLE_MODULES = YES;
				CLANG_ENABLE_OBJC_ARC = YES;
				CLANG_ENABLE_OBJC_WEAK = YES;
				CLANG_WARN_BLOCK_CAPTURE_AUTORELEASING = YES;
				CLANG_WARN_BOOL_CONVERSION = YES;
				CLANG_WARN_COMMA = YES;
				CLANG_WARN_CONSTANT_CONVERSION = YES;
				CLANG_WARN_DEPRECATED_OBJC_IMPLEMENTATIONS = YES;
				CLANG_WARN_DIRECT_OBJC_ISA_USAGE = YES_ERROR;
				CLANG_WARN_DOCUMENTATION_COMMENTS = YES;
				CLANG_WARN_EMPTY_BODY = YES;
				CLANG_WARN_ENUM_CONVERSION = YES;
				CLANG_WARN_INFINITE_RECURSION = YES;
				CLANG_WARN_INT_CONVERSION = YES;
				CLANG_WARN_NON_LITERAL_NULL_CONVERSION = YES;
				CLANG_WARN_OBJC_IMPLICIT_RETAIN_SELF = YES;
				CLANG_WARN_OBJC_LITERAL_CONVERSION = YES;
				CLANG_WARN_OBJC_ROOT_CLASS = YES_ERROR;
				CLANG_WARN_QUOTED_INCLUDE_IN_FRAMEWORK_HEADER = YES;
				CLANG_WARN_RANGE_LOOP_ANALYSIS = YES;
				CLANG_WARN_STRICT_PROTOTYPES = YES;
				CLANG_WARN_SUSPICIOUS_MOVE = YES;
				CLANG_WARN_UNGUARDED_AVAILABILITY = YES_AGGRESSIVE;
				CLANG_WARN_UNREACHABLE_CODE = YES;
				CLANG_WARN__DUPLICATE_METHOD_MATCH = YES;
				COPY_PHASE_STRIP = NO;
				DEBUG_INFORMATION_FORMAT = "dwarf-with-dsym";
				ENABLE_NS_ASSERTIONS = NO;
				ENABLE_STRICT_OBJC_MSGSEND = YES;
				GCC_C_LANGUAGE_STANDARD = gnu11;
				GCC_NO_COMMON_BLOCKS = YES;
				GCC_WARN_64_TO_32_BIT_CONVERSION = YES;
				GCC_WARN_ABOUT_RETURN_TYPE = YES_ERROR;
				GCC_WARN_UNDECLARED_SELECTOR = YES;
				GCC_WARN_UNINITIALIZED_AUTOS = YES_AGGRESSIVE;
				GCC_WARN_UNUSED_FUNCTION = YES;
				GCC_WARN_UNUSED_VARIABLE = YES;
				IPHONEOS_DEPLOYMENT_TARGET = 15.5;
				MTL_ENABLE_DEBUG_INFO = NO;
				MTL_FAST_MATH = YES;
				SDKROOT = iphoneos;
				SWIFT_COMPILATION_MODE = wholemodule;
				SWIFT_OPTIMIZATION_LEVEL = "-O";
				VALIDATE_PRODUCT = YES;
			};
			name = Release;
		};
		35F58CE6284E374800B6A593 /* Debug (Staging) */ = {
			isa = XCBuildConfiguration;
			buildSettings = {
				ASSETCATALOG_COMPILER_APPICON_NAME = AppIcon;
				ASSETCATALOG_COMPILER_GLOBAL_ACCENT_COLOR_NAME = AccentColor;
				CODE_SIGN_STYLE = Automatic;
				CURRENT_PROJECT_VERSION = 1;
				DEVELOPMENT_TEAM = F2P4X5Y727;
				GENERATE_INFOPLIST_FILE = YES;
				INFOPLIST_FILE = "Photo Gallery/Info.plist";
				INFOPLIST_KEY_UIApplicationSupportsIndirectInputEvents = YES;
				INFOPLIST_KEY_UILaunchStoryboardName = LaunchScreen;
				INFOPLIST_KEY_UIMainStoryboardFile = Gallery;
				INFOPLIST_KEY_UISupportedInterfaceOrientations = UIInterfaceOrientationPortrait;
				INFOPLIST_KEY_UISupportedInterfaceOrientations_iPad = UIInterfaceOrientationPortrait;
				INFOPLIST_KEY_UISupportedInterfaceOrientations_iPhone = UIInterfaceOrientationPortrait;
				INFOPLIST_KEY_UIUserInterfaceStyle = Light;
				LD_RUNPATH_SEARCH_PATHS = (
					"$(inherited)",
					"@executable_path/Frameworks",
				);
				MARKETING_VERSION = 1.0.0;
				PRODUCT_BUNDLE_IDENTIFIER = "com.mahbubur-rashid-leon.Photo-Gallery.staging";
				PRODUCT_NAME = "$(TARGET_NAME) Staging";
				SWIFT_EMIT_LOC_STRINGS = YES;
				SWIFT_VERSION = 5.0;
				TARGETED_DEVICE_FAMILY = 1;
			};
			name = "Debug (Staging)";
		};
		35F58CE7284E374800B6A593 /* Release */ = {
			isa = XCBuildConfiguration;
			buildSettings = {
				ASSETCATALOG_COMPILER_APPICON_NAME = AppIcon;
				ASSETCATALOG_COMPILER_GLOBAL_ACCENT_COLOR_NAME = AccentColor;
				CODE_SIGN_STYLE = Automatic;
				CURRENT_PROJECT_VERSION = 1;
				DEVELOPMENT_TEAM = F2P4X5Y727;
				GENERATE_INFOPLIST_FILE = YES;
				INFOPLIST_FILE = "Photo Gallery/Info.plist";
				INFOPLIST_KEY_UIApplicationSupportsIndirectInputEvents = YES;
				INFOPLIST_KEY_UILaunchStoryboardName = LaunchScreen;
				INFOPLIST_KEY_UIMainStoryboardFile = Gallery;
				INFOPLIST_KEY_UISupportedInterfaceOrientations = UIInterfaceOrientationPortrait;
				INFOPLIST_KEY_UISupportedInterfaceOrientations_iPad = UIInterfaceOrientationPortrait;
				INFOPLIST_KEY_UISupportedInterfaceOrientations_iPhone = UIInterfaceOrientationPortrait;
				INFOPLIST_KEY_UIUserInterfaceStyle = Light;
				LD_RUNPATH_SEARCH_PATHS = (
					"$(inherited)",
					"@executable_path/Frameworks",
				);
				MARKETING_VERSION = 1.0.0;
				PRODUCT_BUNDLE_IDENTIFIER = "com.mahbubur-rashid-leon.Photo-Gallery";
				PRODUCT_NAME = "$(TARGET_NAME)";
				SWIFT_EMIT_LOC_STRINGS = YES;
				SWIFT_VERSION = 5.0;
				TARGETED_DEVICE_FAMILY = 1;
			};
			name = Release;
		};
		35F58CE9284E374800B6A593 /* Debug (Staging) */ = {
			isa = XCBuildConfiguration;
			buildSettings = {
				ALWAYS_EMBED_SWIFT_STANDARD_LIBRARIES = YES;
				BUNDLE_LOADER = "$(TEST_HOST)";
				CODE_SIGN_STYLE = Automatic;
				CURRENT_PROJECT_VERSION = 1;
				DEVELOPMENT_TEAM = F2P4X5Y727;
				GENERATE_INFOPLIST_FILE = YES;
				IPHONEOS_DEPLOYMENT_TARGET = 15.5;
				MARKETING_VERSION = 1.0;
				PRODUCT_BUNDLE_IDENTIFIER = "com.mahbubur-rashid-leon.Photo-GalleryTests";
				PRODUCT_NAME = "$(TARGET_NAME)";
				SWIFT_EMIT_LOC_STRINGS = NO;
				SWIFT_VERSION = 5.0;
				TARGETED_DEVICE_FAMILY = "1,2";
				TEST_HOST = "$(BUILT_PRODUCTS_DIR)/Photo Gallery.app/Photo Gallery";
			};
			name = "Debug (Staging)";
		};
		35F58CEA284E374800B6A593 /* Release */ = {
			isa = XCBuildConfiguration;
			buildSettings = {
				ALWAYS_EMBED_SWIFT_STANDARD_LIBRARIES = YES;
				BUNDLE_LOADER = "$(TEST_HOST)";
				CODE_SIGN_STYLE = Automatic;
				CURRENT_PROJECT_VERSION = 1;
				DEVELOPMENT_TEAM = F2P4X5Y727;
				GENERATE_INFOPLIST_FILE = YES;
				IPHONEOS_DEPLOYMENT_TARGET = 15.5;
				MARKETING_VERSION = 1.0;
				PRODUCT_BUNDLE_IDENTIFIER = "com.mahbubur-rashid-leon.Photo-GalleryTests";
				PRODUCT_NAME = "$(TARGET_NAME)";
				SWIFT_EMIT_LOC_STRINGS = NO;
				SWIFT_VERSION = 5.0;
				TARGETED_DEVICE_FAMILY = "1,2";
				TEST_HOST = "$(BUILT_PRODUCTS_DIR)/Photo Gallery.app/Photo Gallery";
			};
			name = Release;
		};
/* End XCBuildConfiguration section */

/* Begin XCConfigurationList section */
		35F58CB6284E374200B6A593 /* Build configuration list for PBXProject "Photo Gallery" */ = {
			isa = XCConfigurationList;
			buildConfigurations = (
				35F58CE3284E374800B6A593 /* Debug (Staging) */,
				35F58CE4284E374800B6A593 /* Release */,
			);
			defaultConfigurationIsVisible = 0;
			defaultConfigurationName = Release;
		};
		35F58CE5284E374800B6A593 /* Build configuration list for PBXNativeTarget "Photo Gallery" */ = {
			isa = XCConfigurationList;
			buildConfigurations = (
				35F58CE6284E374800B6A593 /* Debug (Staging) */,
				35F58CE7284E374800B6A593 /* Release */,
			);
			defaultConfigurationIsVisible = 0;
			defaultConfigurationName = Release;
		};
		35F58CE8284E374800B6A593 /* Build configuration list for PBXNativeTarget "Photo GalleryTests" */ = {
			isa = XCConfigurationList;
			buildConfigurations = (
				35F58CE9284E374800B6A593 /* Debug (Staging) */,
				35F58CEA284E374800B6A593 /* Release */,
			);
			defaultConfigurationIsVisible = 0;
			defaultConfigurationName = Release;
		};
/* End XCConfigurationList section */

/* Begin XCRemoteSwiftPackageReference section */
		35207E57284E51DE00FE24F3 /* XCRemoteSwiftPackageReference "Alamofire" */ = {
			isa = XCRemoteSwiftPackageReference;
			repositoryURL = "https://github.com/Alamofire/Alamofire.git";
			requirement = {
				kind = upToNextMajorVersion;
				minimumVersion = 5.0.0;
			};
		};
		35207E5A284E520E00FE24F3 /* XCRemoteSwiftPackageReference "SDWebImage" */ = {
			isa = XCRemoteSwiftPackageReference;
			repositoryURL = "https://github.com/SDWebImage/SDWebImage.git";
			requirement = {
				kind = upToNextMajorVersion;
				minimumVersion = 5.0.0;
			};
		};
		35207E5D284E525D00FE24F3 /* XCRemoteSwiftPackageReference "IHProgressHUD" */ = {
			isa = XCRemoteSwiftPackageReference;
			repositoryURL = "https://github.com/Swiftify-Corp/IHProgressHUD.git";
			requirement = {
				kind = upToNextMajorVersion;
				minimumVersion = 0.1.8;
			};
		};
		35207E60284E53DC00FE24F3 /* XCRemoteSwiftPackageReference "Reachability" */ = {
			isa = XCRemoteSwiftPackageReference;
			repositoryURL = "https://github.com/ashleymills/Reachability.swift";
			requirement = {
				kind = exactVersion;
				version = 5.1.0;
			};
		};
		3585EE2B284E7F8D00A81E49 /* XCRemoteSwiftPackageReference "NotificationBanner" */ = {
			isa = XCRemoteSwiftPackageReference;
			repositoryURL = "https://github.com/Daltron/NotificationBanner";
			requirement = {
				kind = upToNextMajorVersion;
				minimumVersion = 3.0.0;
			};
		};
/* End XCRemoteSwiftPackageReference section */

/* Begin XCSwiftPackageProductDependency section */
		35207E58284E51DE00FE24F3 /* Alamofire */ = {
			isa = XCSwiftPackageProductDependency;
			package = 35207E57284E51DE00FE24F3 /* XCRemoteSwiftPackageReference "Alamofire" */;
			productName = Alamofire;
		};
		35207E5B284E520E00FE24F3 /* SDWebImage */ = {
			isa = XCSwiftPackageProductDependency;
			package = 35207E5A284E520E00FE24F3 /* XCRemoteSwiftPackageReference "SDWebImage" */;
			productName = SDWebImage;
		};
		35207E5E284E525D00FE24F3 /* IHProgressHUD */ = {
			isa = XCSwiftPackageProductDependency;
			package = 35207E5D284E525D00FE24F3 /* XCRemoteSwiftPackageReference "IHProgressHUD" */;
			productName = IHProgressHUD;
		};
		35207E61284E53DC00FE24F3 /* Reachability */ = {
			isa = XCSwiftPackageProductDependency;
			package = 35207E60284E53DC00FE24F3 /* XCRemoteSwiftPackageReference "Reachability" */;
			productName = Reachability;
		};
		3585EE2C284E7F8D00A81E49 /* NotificationBannerSwift */ = {
			isa = XCSwiftPackageProductDependency;
			package = 3585EE2B284E7F8D00A81E49 /* XCRemoteSwiftPackageReference "NotificationBanner" */;
			productName = NotificationBannerSwift;
		};
/* End XCSwiftPackageProductDependency section */
	};
	rootObject = 35F58CB3284E374200B6A593 /* Project object */;
}
